<?xml version="1.0" encoding="UTF-8" standalone="yes" ?>
<CodeBlocks_project_file>
	<FileVersion major="1" minor="6" />
	<Project>
		<Option title="tinyfd" />
		<Option pch_mode="2" />
		<Option compiler="gcc" />
		<Build>
			<Target title="Debug">
				<Option output="../bin/Debug/tinyfd" prefix_auto="1" extension_auto="1" />
				<Option object_output="../obj/Debug/" />
				<Option type="1" />
				<Option compiler="gcc" />
				<Option parameters="-v" />
				<Compiler>
					<Add option="-g" />
				</Compiler>
			</Target>
		</Build>
		<Compiler>
			<Add option="-Wall" />
		</Compiler>
		<Unit filename="../hello.c">
			<Option compilerVar="CC" />
		</Unit>
		<Unit filename="../tinyfiledialogs.c">
			<Option compilerVar="CC" />
		</Unit>
		<Unit filename="../tinyfiledialogs.h" />
		<Extensions />
	</Project>
</CodeBlocks_project_file>
